
Microsoft Visual Studio Solution File, Format Version 12.00
# Visual Studio Version 16
VisualStudioVersion = 16.0.30225.117
MinimumVisualStudioVersion = 10.0.40219.1
Project("{9A19103F-16F7-4668-BE54-9A1E7A4F7556}") = "BenjiWorldApp", "BenjiWorldApp\BenjiWorldApp.csproj", "{418ACDBA-DEC3-4467-91C9-1051D1648724}"
EndProject
Project("{D954291E-2A0B-460D-934E-DC6B0785DB48}") = "DataExtensions.Shared", "..\BenjiAPI\DataExtensions.Shared\DataExtensions.Shared.shproj", "{BF4BE11E-4362-4019-99DE-DBEE5E5B82ED}"
EndProject
Project("{D954291E-2A0B-460D-934E-DC6B0785DB48}") = "Models.Shared", "..\BenjiAPI\Models.Shared\Models.Shared.shproj", "{4A89F29B-1115-4C93-B9A4-532D1851CFA7}"
EndProject
Global
	GlobalSection(SharedMSBuildProjectFiles) = preSolution
		..\BenjiAPI\DataExtensions.Shared\DataExtensions.Shared.projitems*{418acdba-dec3-4467-91c9-1051d1648724}*SharedItemsImports = 5
		..\BenjiAPI\Models.Shared\Models.Shared.projitems*{418acdba-dec3-4467-91c9-1051d1648724}*SharedItemsImports = 5
		..\BenjiAPI\Models.Shared\Models.Shared.projitems*{4a89f29b-1115-4c93-b9a4-532d1851cfa7}*SharedItemsImports = 13
		..\BenjiAPI\DataExtensions.Shared\DataExtensions.Shared.projitems*{bf4be11e-4362-4019-99de-dbee5e5b82ed}*SharedItemsImports = 13
	EndGlobalSection
	GlobalSection(SolutionConfigurationPlatforms) = preSolution
		Debug|Any CPU = Debug|Any CPU
		Release|Any CPU = Release|Any CPU
	EndGlobalSection
	GlobalSection(ProjectConfigurationPlatforms) = postSolution
		{418ACDBA-DEC3-4467-91C9-1051D1648724}.Debug|Any CPU.ActiveCfg = Debug|Any CPU
		{418ACDBA-DEC3-4467-91C9-1051D1648724}.Debug|Any CPU.Build.0 = Debug|Any CPU
		{418ACDBA-DEC3-4467-91C9-1051D1648724}.Release|Any CPU.ActiveCfg = Release|Any CPU
		{418ACDBA-DEC3-4467-91C9-1051D1648724}.Release|Any CPU.Build.0 = Release|Any CPU
	EndGlobalSection
	GlobalSection(SolutionProperties) = preSolution
		HideSolutionNode = FALSE
	EndGlobalSection
	GlobalSection(ExtensibilityGlobals) = postSolution
		SolutionGuid = {926AA380-3F7D-4724-9543-34A6B1D74367}
	EndGlobalSection
EndGlobal
